# THIS IS AN AUTOGENERATED FILE. DO NOT EDIT THIS FILE DIRECTLY.
# yarn lockfile v1


nodemailer@^8.0.9:
  version "8.0.9"
  resolved "https://registry.yarnpkg.com/nodemailer/-/nodemailer-8.0.9.tgz#9ea0bdb84b04b1ee65d83b15aa7d62761e9b5677"
  integrity sha512-5ofa7BUN8+C+Hckh5V2GjeeOGRQBx0CJQA6KxrvuZfC8iU4/q7sLn8XrtEEhJkjV6HdyIiQs7Bba6bTao8JhkA==
