# THIS IS AN AUTOGENERATED FILE. DO NOT EDIT THIS FILE DIRECTLY.
# yarn lockfile v1


nodemailer@^8.0.5:
  version "8.0.5"
  resolved "https://registry.yarnpkg.com/nodemailer/-/nodemailer-8.0.5.tgz#2076fb2b5c1ccfe1c88f6e1aa47c0229ea642e0c"
  integrity sha512-0PF8Yb1yZuQfQbq+5/pZJrtF6WQcjTd5/S4JOHs9PGFxuTqoB/icwuB44pOdURHJbRKX1PPoJZtY7R4VUoCC8w==
