# THIS IS AN AUTOGENERATED FILE. DO NOT EDIT THIS FILE DIRECTLY.
# yarn lockfile v1


nodemailer@^7.0.7:
  version "7.0.7"
  resolved "https://registry.yarnpkg.com/nodemailer/-/nodemailer-7.0.7.tgz#91a16235c08abb7805a4ec1537ca63edca79687f"
  integrity sha512-jGOaRznodf62TVzdyhKt/f1Q/c3kYynk8629sgJHpRzGZj01ezbgMMWJSAjHADcwTKxco3B68/R+KHJY2T5BaA==
